
Microsoft Visual Studio Solution File, Format Version 12.00
# Visual Studio Version 17
VisualStudioVersion = 17.9.34607.119
MinimumVisualStudioVersion = 10.0.40219.1
Project("{FAE04EC0-301F-11D3-BF4B-00C04F79EFBC}") = "loop-s", "loop-s\loop-s.csproj", "{AE13F31C-3DA2-4A1A-873D-E74CC178AC62}"
EndProject
Global
	GlobalSection(SolutionConfigurationPlatforms) = preSolution
		Debug|Any CPU = Debug|Any CPU
		Release|Any CPU = Release|Any CPU
	EndGlobalSection
	GlobalSection(ProjectConfigurationPlatforms) = postSolution
		{AE13F31C-3DA2-4A1A-873D-E74CC178AC62}.Debug|Any CPU.ActiveCfg = Debug|Any CPU
		{AE13F31C-3DA2-4A1A-873D-E74CC178AC62}.Debug|Any CPU.Build.0 = Debug|Any CPU
		{AE13F31C-3DA2-4A1A-873D-E74CC178AC62}.Release|Any CPU.ActiveCfg = Release|Any CPU
		{AE13F31C-3DA2-4A1A-873D-E74CC178AC62}.Release|Any CPU.Build.0 = Release|Any CPU
	EndGlobalSection
	GlobalSection(SolutionProperties) = preSolution
		HideSolutionNode = FALSE
	EndGlobalSection
	GlobalSection(ExtensibilityGlobals) = postSolution
		SolutionGuid = {91C648FC-B679-41F8-BED5-668C52F7655A}
	EndGlobalSection
EndGlobal
